
Microsoft Visual Studio Solution File, Format Version 12.00
# Visual Studio Version 17
VisualStudioVersion = 17.2.32519.379
MinimumVisualStudioVersion = 10.0.40219.1
Project("{9A19103F-16F7-4668-BE54-9A1E7A4F7556}") = "WebAPI", "WebAPI\WebAPI.csproj", "{71022583-FE0C-43CF-8057-F331389BDDB9}"
EndProject
Global
	GlobalSection(SolutionConfigurationPlatforms) = preSolution
		Debug|Any CPU = Debug|Any CPU
		Release|Any CPU = Release|Any CPU
	EndGlobalSection
	GlobalSection(ProjectConfigurationPlatforms) = postSolution
		{71022583-FE0C-43CF-8057-F331389BDDB9}.Debug|Any CPU.ActiveCfg = Debug|Any CPU
		{71022583-FE0C-43CF-8057-F331389BDDB9}.Debug|Any CPU.Build.0 = Debug|Any CPU
		{71022583-FE0C-43CF-8057-F331389BDDB9}.Release|Any CPU.ActiveCfg = Release|Any CPU
		{71022583-FE0C-43CF-8057-F331389BDDB9}.Release|Any CPU.Build.0 = Release|Any CPU
	EndGlobalSection
	GlobalSection(SolutionProperties) = preSolution
		HideSolutionNode = FALSE
	EndGlobalSection
	GlobalSection(ExtensibilityGlobals) = postSolution
		SolutionGuid = {EB9CDF86-6D47-40DE-9EF0-C4275C6112CE}
	EndGlobalSection
EndGlobal
